
Microsoft Visual Studio Solution File, Format Version 12.00
# Visual Studio 14
VisualStudioVersion = 14.0.25420.1
MinimumVisualStudioVersion = 10.0.40219.1
Project("{FAE04EC0-301F-11D3-BF4B-00C04F79EFBC}") = "campus_unad_notas", "campus_unad_notas\campus_unad_notas.csproj", "{8112CC34-1DD8-4457-9D89-C3E019C114EE}"
EndProject
Global
	GlobalSection(SolutionConfigurationPlatforms) = preSolution
		Debug|Any CPU = Debug|Any CPU
		Release|Any CPU = Release|Any CPU
	EndGlobalSection
	GlobalSection(ProjectConfigurationPlatforms) = postSolution
		{8112CC34-1DD8-4457-9D89-C3E019C114EE}.Debug|Any CPU.ActiveCfg = Debug|Any CPU
		{8112CC34-1DD8-4457-9D89-C3E019C114EE}.Debug|Any CPU.Build.0 = Debug|Any CPU
		{8112CC34-1DD8-4457-9D89-C3E019C114EE}.Release|Any CPU.ActiveCfg = Release|Any CPU
		{8112CC34-1DD8-4457-9D89-C3E019C114EE}.Release|Any CPU.Build.0 = Release|Any CPU
	EndGlobalSection
	GlobalSection(SolutionProperties) = preSolution
		HideSolutionNode = FALSE
	EndGlobalSection
EndGlobal
